{
  "name": "transcendance",
  "lockfileVersion": 2,
  "requires": true,
  "packages": {
    "": {
      "dependencies": {
        "react-beforeunload": "^2.5.3"
      },
      "devDependencies": {
        "@prisma/client": "^4.3.1",
        "prisma": "^4.3.1"
      }
    },
    "node_modules/@prisma/client": {
      "version": "4.4.0",
      "resolved": "https://registry.npmjs.org/@prisma/client/-/client-4.4.0.tgz",
      "integrity": "sha512-ciKOP246x1xwr04G9ajHlJ4pkmtu9Q6esVyqVBO0QJihaKQIUvbPjClp17IsRJyxqNpFm4ScbOc/s9DUzKHINQ==",
      "dev": true,
      "hasInstallScript": true,
      "dependencies": {
        "@prisma/engines-version": "4.4.0-66.f352a33b70356f46311da8b00d83386dd9f145d6"
      },
      "engines": {
        "node": ">=14.17"
      },
      "peerDependencies": {
        "prisma": "*"
      },
      "peerDependenciesMeta": {
        "prisma": {
          "optional": true
        }
      }
    },
    "node_modules/@prisma/engines": {
      "version": "4.4.0",
      "resolved": "https://registry.npmjs.org/@prisma/engines/-/engines-4.4.0.tgz",
      "integrity": "sha512-Fpykccxlt9MHrAs/QpPGpI2nOiRxuLA+LiApgA59ibbf24YICZIMWd3SI2YD+q0IAIso0jCGiHhirAIbxK3RyQ==",
      "dev": true,
      "hasInstallScript": true
    },
    "node_modules/@prisma/engines-version": {
      "version": "4.4.0-66.f352a33b70356f46311da8b00d83386dd9f145d6",
      "resolved": "https://registry.npmjs.org/@prisma/engines-version/-/engines-version-4.4.0-66.f352a33b70356f46311da8b00d83386dd9f145d6.tgz",
      "integrity": "sha512-P5v/PuEIJLYXZUZBvOLPqoyCW+m6StNqHdiR6te++gYVODpPdLakks5HVx3JaZIY+LwR02juJWFlwpc9Eog/ug==",
      "dev": true
    },
    "node_modules/js-tokens": {
      "version": "4.0.0",
      "license": "MIT"
    },
    "node_modules/loose-envify": {
      "version": "1.4.0",
      "license": "MIT",
      "dependencies": {
        "js-tokens": "^3.0.0 || ^4.0.0"
      },
      "bin": {
        "loose-envify": "cli.js"
      }
    },
    "node_modules/object-assign": {
      "version": "4.1.1",
      "license": "MIT",
      "engines": {
        "node": ">=0.10.0"
      }
    },
    "node_modules/prisma": {
      "version": "4.4.0",
      "resolved": "https://registry.npmjs.org/prisma/-/prisma-4.4.0.tgz",
      "integrity": "sha512-l/QKLmLcKJQFuc+X02LyICo0NWTUVaNNZ00jKJBqwDyhwMAhboD1FWwYV50rkH4Wls0RviAJSFzkC2ZrfawpfA==",
      "dev": true,
      "hasInstallScript": true,
      "dependencies": {
        "@prisma/engines": "4.4.0"
      },
      "bin": {
        "prisma": "build/index.js",
        "prisma2": "build/index.js"
      },
      "engines": {
        "node": ">=14.17"
      }
    },
    "node_modules/prop-types": {
      "version": "15.8.1",
      "license": "MIT",
      "dependencies": {
        "loose-envify": "^1.4.0",
        "object-assign": "^4.1.1",
        "react-is": "^16.13.1"
      }
    },
    "node_modules/react": {
      "version": "18.2.0",
      "license": "MIT",
      "peer": true,
      "dependencies": {
        "loose-envify": "^1.1.0"
      },
      "engines": {
        "node": ">=0.10.0"
      }
    },
    "node_modules/react-beforeunload": {
      "version": "2.5.3",
      "license": "MIT",
      "dependencies": {
        "prop-types": "^15.8.1",
        "tiny-invariant": "^1.2.0"
      },
      "peerDependencies": {
        "react": "^16.8.0 || 17 || 18"
      }
    },
    "node_modules/react-is": {
      "version": "16.13.1",
      "license": "MIT"
    },
    "node_modules/tiny-invariant": {
      "version": "1.2.0",
      "license": "MIT"
    }
  },
  "dependencies": {
    "@prisma/client": {
      "version": "4.4.0",
      "resolved": "https://registry.npmjs.org/@prisma/client/-/client-4.4.0.tgz",
      "integrity": "sha512-ciKOP246x1xwr04G9ajHlJ4pkmtu9Q6esVyqVBO0QJihaKQIUvbPjClp17IsRJyxqNpFm4ScbOc/s9DUzKHINQ==",
      "dev": true,
      "requires": {
        "@prisma/engines-version": "4.4.0-66.f352a33b70356f46311da8b00d83386dd9f145d6"
      }
    },
    "@prisma/engines": {
      "version": "4.4.0",
      "resolved": "https://registry.npmjs.org/@prisma/engines/-/engines-4.4.0.tgz",
      "integrity": "sha512-Fpykccxlt9MHrAs/QpPGpI2nOiRxuLA+LiApgA59ibbf24YICZIMWd3SI2YD+q0IAIso0jCGiHhirAIbxK3RyQ==",
      "dev": true
    },
    "@prisma/engines-version": {
      "version": "4.4.0-66.f352a33b70356f46311da8b00d83386dd9f145d6",
      "resolved": "https://registry.npmjs.org/@prisma/engines-version/-/engines-version-4.4.0-66.f352a33b70356f46311da8b00d83386dd9f145d6.tgz",
      "integrity": "sha512-P5v/PuEIJLYXZUZBvOLPqoyCW+m6StNqHdiR6te++gYVODpPdLakks5HVx3JaZIY+LwR02juJWFlwpc9Eog/ug==",
      "dev": true
    },
    "js-tokens": {
      "version": "4.0.0"
    },
    "loose-envify": {
      "version": "1.4.0",
      "requires": {
        "js-tokens": "^3.0.0 || ^4.0.0"
      }
    },
    "object-assign": {
      "version": "4.1.1"
    },
    "prisma": {
      "version": "4.4.0",
      "resolved": "https://registry.npmjs.org/prisma/-/prisma-4.4.0.tgz",
      "integrity": "sha512-l/QKLmLcKJQFuc+X02LyICo0NWTUVaNNZ00jKJBqwDyhwMAhboD1FWwYV50rkH4Wls0RviAJSFzkC2ZrfawpfA==",
      "dev": true,
      "requires": {
        "@prisma/engines": "4.4.0"
      }
    },
    "prop-types": {
      "version": "15.8.1",
      "requires": {
        "loose-envify": "^1.4.0",
        "object-assign": "^4.1.1",
        "react-is": "^16.13.1"
      }
    },
    "react": {
      "version": "18.2.0",
      "peer": true,
      "requires": {
        "loose-envify": "^1.1.0"
      }
    },
    "react-beforeunload": {
      "version": "2.5.3",
      "requires": {
        "prop-types": "^15.8.1",
        "tiny-invariant": "^1.2.0"
      }
    },
    "react-is": {
      "version": "16.13.1"
    },
    "tiny-invariant": {
      "version": "1.2.0"
    }
  }
}
